
Microsoft Visual Studio Solution File, Format Version 9.00
# Visual Studio 2005
Project("{FAE04EC0-301F-11D3-BF4B-00C04F79EFBC}") = "ASSP", "ASSP.csproj", "{68EC6D8C-1A61-426B-A8C8-68390665F01C}"
EndProject
Project("{FAE04EC0-301F-11D3-BF4B-00C04F79EFBC}") = "SQLQuery", "..\SQLQuery\SQLQuery.csproj", "{F6B65BCC-5C04-400C-89E6-72338D774662}"
EndProject
Global
	GlobalSection(TeamFoundationVersionControl) = preSolution
		SccNumberOfProjects = 3
		SccEnterpriseProvider = {4CA58AB2-18FA-4F8D-95D4-32DDF27D184C}
		SccTeamFoundationServer = https://tfs01.codeplex.com/
		SccProjectUniqueName0 = ASSP.csproj
		SccLocalPath0 = .
		SccProjectUniqueName1 = ..\\SQLQuery\\SQLQuery.csproj
		SccProjectName1 = ../SQLQuery
		SccLocalPath1 = ..\\SQLQuery
		SccLocalPath2 = .
	EndGlobalSection
	GlobalSection(SolutionConfigurationPlatforms) = preSolution
		Debug|Any CPU = Debug|Any CPU
		Release|Any CPU = Release|Any CPU
	EndGlobalSection
	GlobalSection(ProjectConfigurationPlatforms) = postSolution
		{68EC6D8C-1A61-426B-A8C8-68390665F01C}.Debug|Any CPU.ActiveCfg = Debug|Any CPU
		{68EC6D8C-1A61-426B-A8C8-68390665F01C}.Debug|Any CPU.Build.0 = Debug|Any CPU
		{68EC6D8C-1A61-426B-A8C8-68390665F01C}.Release|Any CPU.ActiveCfg = Release|Any CPU
		{68EC6D8C-1A61-426B-A8C8-68390665F01C}.Release|Any CPU.Build.0 = Release|Any CPU
		{F6B65BCC-5C04-400C-89E6-72338D774662}.Debug|Any CPU.ActiveCfg = Debug|Any CPU
		{F6B65BCC-5C04-400C-89E6-72338D774662}.Debug|Any CPU.Build.0 = Debug|Any CPU
		{F6B65BCC-5C04-400C-89E6-72338D774662}.Release|Any CPU.ActiveCfg = Release|Any CPU
		{F6B65BCC-5C04-400C-89E6-72338D774662}.Release|Any CPU.Build.0 = Release|Any CPU
	EndGlobalSection
	GlobalSection(SolutionProperties) = preSolution
		HideSolutionNode = FALSE
	EndGlobalSection
EndGlobal
