
Microsoft Visual Studio Solution File, Format Version 12.00
# Visual Studio 15
VisualStudioVersion = 15.0.28307.329
MinimumVisualStudioVersion = 10.0.40219.1
Project("{FAE04EC0-301F-11D3-BF4B-00C04F79EFBC}") = "ASSP2012", "ASSP2012.csproj", "{68EC6D8C-1A61-426B-A8C8-68390665F01C}"
EndProject
Global
	GlobalSection(SolutionConfigurationPlatforms) = preSolution
		Debug|Any CPU = Debug|Any CPU
		Debug|x64 = Debug|x64
		Release|Any CPU = Release|Any CPU
		Release|x64 = Release|x64
	EndGlobalSection
	GlobalSection(ProjectConfigurationPlatforms) = postSolution
		{68EC6D8C-1A61-426B-A8C8-68390665F01C}.Debug|Any CPU.ActiveCfg = Debug|Any CPU
		{68EC6D8C-1A61-426B-A8C8-68390665F01C}.Debug|Any CPU.Build.0 = Debug|Any CPU
		{68EC6D8C-1A61-426B-A8C8-68390665F01C}.Debug|x64.ActiveCfg = Debug|x64
		{68EC6D8C-1A61-426B-A8C8-68390665F01C}.Debug|x64.Build.0 = Debug|x64
		{68EC6D8C-1A61-426B-A8C8-68390665F01C}.Release|Any CPU.ActiveCfg = Release|Any CPU
		{68EC6D8C-1A61-426B-A8C8-68390665F01C}.Release|Any CPU.Build.0 = Release|Any CPU
		{68EC6D8C-1A61-426B-A8C8-68390665F01C}.Release|x64.ActiveCfg = Release|x64
		{68EC6D8C-1A61-426B-A8C8-68390665F01C}.Release|x64.Build.0 = Release|x64
	EndGlobalSection
	GlobalSection(SolutionProperties) = preSolution
		HideSolutionNode = FALSE
	EndGlobalSection
	GlobalSection(ExtensibilityGlobals) = postSolution
		SolutionGuid = {43640534-B0C5-46FB-ADC0-F757AE20D5E8}
	EndGlobalSection
EndGlobal
