
Microsoft Visual Studio Solution File, Format Version 9.00
# Visual Studio 2005
Project("{FAE04EC0-301F-11D3-BF4B-00C04F79EFBC}") = "ASSP", "ASSP.csproj", "{68EC6D8C-1A61-426B-A8C8-68390665F01C}"
EndProject
Project("{F14B399A-7131-4C87-9E4B-1186C45EF12D}") = "ASSP Reports", "..\ASSP Reports\ASSP Reports.rptproj", "{CB2C42FE-48FB-4FA5-8705-495CA0CE0716}"
EndProject
Global
	GlobalSection(TeamFoundationVersionControl) = preSolution
		SccNumberOfProjects = 2
		SccEnterpriseProvider = {4CA58AB2-18FA-4F8D-95D4-32DDF27D184C}
		SccTeamFoundationServer = https://tfs01.codeplex.com/
		SccProjectUniqueName0 = ASSP.csproj
		SccProjectName0 = .
		SccAuxPath0 = https://tfs01.codeplex.com
		SccLocalPath0 = .
		SccProvider0 = {4CA58AB2-18FA-4F8D-95D4-32DDF27D184C}
		SccProjectUniqueName1 = ..\\ASSP\u0020Reports\\ASSP\u0020Reports.rptproj
		SccProjectName1 = ../ASSP\u0020Reports
		SccAuxPath1 = https://tfs01.codeplex.com
		SccLocalPath1 = ..\\ASSP\u0020Reports
		SccProvider1 = {4CA58AB2-18FA-4F8D-95D4-32DDF27D184C}
	EndGlobalSection
	GlobalSection(SolutionConfigurationPlatforms) = preSolution
		Debug|Any CPU = Debug|Any CPU
		DebugLocal|Any CPU = DebugLocal|Any CPU
		Production|Any CPU = Production|Any CPU
		Release|Any CPU = Release|Any CPU
	EndGlobalSection
	GlobalSection(ProjectConfigurationPlatforms) = postSolution
		{68EC6D8C-1A61-426B-A8C8-68390665F01C}.Debug|Any CPU.ActiveCfg = Debug|Any CPU
		{68EC6D8C-1A61-426B-A8C8-68390665F01C}.Debug|Any CPU.Build.0 = Debug|Any CPU
		{68EC6D8C-1A61-426B-A8C8-68390665F01C}.DebugLocal|Any CPU.ActiveCfg = Debug|Any CPU
		{68EC6D8C-1A61-426B-A8C8-68390665F01C}.DebugLocal|Any CPU.Build.0 = Debug|Any CPU
		{68EC6D8C-1A61-426B-A8C8-68390665F01C}.Production|Any CPU.ActiveCfg = Release|Any CPU
		{68EC6D8C-1A61-426B-A8C8-68390665F01C}.Production|Any CPU.Build.0 = Release|Any CPU
		{68EC6D8C-1A61-426B-A8C8-68390665F01C}.Release|Any CPU.ActiveCfg = Release|Any CPU
		{68EC6D8C-1A61-426B-A8C8-68390665F01C}.Release|Any CPU.Build.0 = Release|Any CPU
		{CB2C42FE-48FB-4FA5-8705-495CA0CE0716}.Debug|Any CPU.ActiveCfg = DebugLocal
		{CB2C42FE-48FB-4FA5-8705-495CA0CE0716}.Debug|Any CPU.Build.0 = DebugLocal
		{CB2C42FE-48FB-4FA5-8705-495CA0CE0716}.Debug|Any CPU.Deploy.0 = DebugLocal
		{CB2C42FE-48FB-4FA5-8705-495CA0CE0716}.DebugLocal|Any CPU.ActiveCfg = DebugLocal
		{CB2C42FE-48FB-4FA5-8705-495CA0CE0716}.DebugLocal|Any CPU.Build.0 = DebugLocal
		{CB2C42FE-48FB-4FA5-8705-495CA0CE0716}.DebugLocal|Any CPU.Deploy.0 = DebugLocal
		{CB2C42FE-48FB-4FA5-8705-495CA0CE0716}.Production|Any CPU.ActiveCfg = Production
		{CB2C42FE-48FB-4FA5-8705-495CA0CE0716}.Production|Any CPU.Build.0 = Production
		{CB2C42FE-48FB-4FA5-8705-495CA0CE0716}.Production|Any CPU.Deploy.0 = Production
		{CB2C42FE-48FB-4FA5-8705-495CA0CE0716}.Release|Any CPU.ActiveCfg = Production
		{CB2C42FE-48FB-4FA5-8705-495CA0CE0716}.Release|Any CPU.Build.0 = Production
		{CB2C42FE-48FB-4FA5-8705-495CA0CE0716}.Release|Any CPU.Deploy.0 = Production
	EndGlobalSection
	GlobalSection(SolutionProperties) = preSolution
		HideSolutionNode = FALSE
	EndGlobalSection
EndGlobal
